
Microsoft Visual Studio Solution File, Format Version 12.00
# Visual Studio Version 16
VisualStudioVersion = 16.0.29911.84
MinimumVisualStudioVersion = 10.0.40219.1
Project("{FAE04EC0-301F-11D3-BF4B-00C04F79EFBC}") = "Synthesizer", "Synthesizer\Synthesizer.csproj", "{00B5253A-95D9-4B88-B763-FB5E875BDF01}"
EndProject
Project("{FAE04EC0-301F-11D3-BF4B-00C04F79EFBC}") = "ISynthSounds", "ISynthSounds\ISynthSounds.csproj", "{0962DD38-7B9A-4B28-95C5-2E95507EE745}"
EndProject
Project("{FAE04EC0-301F-11D3-BF4B-00C04F79EFBC}") = "LowNotesApp", "LowNotesApp\LowNotesApp\LowNotesApp.csproj", "{20A535AE-C91D-431E-812C-3216E54355DB}"
EndProject
Project("{FAE04EC0-301F-11D3-BF4B-00C04F79EFBC}") = "MidNotes", "MidNotes\MidNotes\MidNotes.csproj", "{A18090BB-6D44-4F69-A078-66986B1F1B27}"
EndProject
Project("{FAE04EC0-301F-11D3-BF4B-00C04F79EFBC}") = "GettingMessagesFromMidi", "GettingMessagesFromMidi\GettingMessagesFromMidi.csproj", "{C1045E85-1F8B-472D-907D-F51227600146}"
EndProject
Global
	GlobalSection(SolutionConfigurationPlatforms) = preSolution
		Debug|Any CPU = Debug|Any CPU
		Release|Any CPU = Release|Any CPU
	EndGlobalSection
	GlobalSection(ProjectConfigurationPlatforms) = postSolution
		{00B5253A-95D9-4B88-B763-FB5E875BDF01}.Debug|Any CPU.ActiveCfg = Debug|Any CPU
		{00B5253A-95D9-4B88-B763-FB5E875BDF01}.Debug|Any CPU.Build.0 = Debug|Any CPU
		{00B5253A-95D9-4B88-B763-FB5E875BDF01}.Release|Any CPU.ActiveCfg = Release|Any CPU
		{00B5253A-95D9-4B88-B763-FB5E875BDF01}.Release|Any CPU.Build.0 = Release|Any CPU
		{0962DD38-7B9A-4B28-95C5-2E95507EE745}.Debug|Any CPU.ActiveCfg = Debug|Any CPU
		{0962DD38-7B9A-4B28-95C5-2E95507EE745}.Debug|Any CPU.Build.0 = Debug|Any CPU
		{0962DD38-7B9A-4B28-95C5-2E95507EE745}.Release|Any CPU.ActiveCfg = Release|Any CPU
		{0962DD38-7B9A-4B28-95C5-2E95507EE745}.Release|Any CPU.Build.0 = Release|Any CPU
		{20A535AE-C91D-431E-812C-3216E54355DB}.Debug|Any CPU.ActiveCfg = Debug|Any CPU
		{20A535AE-C91D-431E-812C-3216E54355DB}.Debug|Any CPU.Build.0 = Debug|Any CPU
		{20A535AE-C91D-431E-812C-3216E54355DB}.Release|Any CPU.ActiveCfg = Release|Any CPU
		{20A535AE-C91D-431E-812C-3216E54355DB}.Release|Any CPU.Build.0 = Release|Any CPU
		{A18090BB-6D44-4F69-A078-66986B1F1B27}.Debug|Any CPU.ActiveCfg = Debug|Any CPU
		{A18090BB-6D44-4F69-A078-66986B1F1B27}.Debug|Any CPU.Build.0 = Debug|Any CPU
		{A18090BB-6D44-4F69-A078-66986B1F1B27}.Release|Any CPU.ActiveCfg = Release|Any CPU
		{A18090BB-6D44-4F69-A078-66986B1F1B27}.Release|Any CPU.Build.0 = Release|Any CPU
		{C1045E85-1F8B-472D-907D-F51227600146}.Debug|Any CPU.ActiveCfg = Debug|Any CPU
		{C1045E85-1F8B-472D-907D-F51227600146}.Debug|Any CPU.Build.0 = Debug|Any CPU
		{C1045E85-1F8B-472D-907D-F51227600146}.Release|Any CPU.ActiveCfg = Release|Any CPU
		{C1045E85-1F8B-472D-907D-F51227600146}.Release|Any CPU.Build.0 = Release|Any CPU
	EndGlobalSection
	GlobalSection(SolutionProperties) = preSolution
		HideSolutionNode = FALSE
	EndGlobalSection
	GlobalSection(ExtensibilityGlobals) = postSolution
		SolutionGuid = {AF0F1ED0-196D-48D1-8BB1-9B303F2509A1}
	EndGlobalSection
EndGlobal
