
Microsoft Visual Studio Solution File, Format Version 12.00
# Visual Studio Version 16
VisualStudioVersion = 16.0.29911.84
MinimumVisualStudioVersion = 10.0.40219.1
Project("{FAE04EC0-301F-11D3-BF4B-00C04F79EFBC}") = "GettingMIDIMessages", "GettingMIDIMessages\GettingMIDIMessages.csproj", "{DCFA7B58-644A-44ED-99F5-58681E4F6C6C}"
EndProject
Project("{FAE04EC0-301F-11D3-BF4B-00C04F79EFBC}") = "MIDIhelder", "MIDIhelder\MIDIhelder.csproj", "{64F9B3DB-D806-4E9A-AF32-331E31564F10}"
EndProject
Project("{FAE04EC0-301F-11D3-BF4B-00C04F79EFBC}") = "MIDIDID", "MIDIDID\MIDIDID.csproj", "{F7FEFACA-8A4A-4222-B677-FCEA98E3100B}"
EndProject
Global
	GlobalSection(SolutionConfigurationPlatforms) = preSolution
		Debug|Any CPU = Debug|Any CPU
		Release|Any CPU = Release|Any CPU
	EndGlobalSection
	GlobalSection(ProjectConfigurationPlatforms) = postSolution
		{DCFA7B58-644A-44ED-99F5-58681E4F6C6C}.Debug|Any CPU.ActiveCfg = Debug|Any CPU
		{DCFA7B58-644A-44ED-99F5-58681E4F6C6C}.Debug|Any CPU.Build.0 = Debug|Any CPU
		{DCFA7B58-644A-44ED-99F5-58681E4F6C6C}.Release|Any CPU.ActiveCfg = Release|Any CPU
		{DCFA7B58-644A-44ED-99F5-58681E4F6C6C}.Release|Any CPU.Build.0 = Release|Any CPU
		{64F9B3DB-D806-4E9A-AF32-331E31564F10}.Debug|Any CPU.ActiveCfg = Debug|Any CPU
		{64F9B3DB-D806-4E9A-AF32-331E31564F10}.Debug|Any CPU.Build.0 = Debug|Any CPU
		{64F9B3DB-D806-4E9A-AF32-331E31564F10}.Release|Any CPU.ActiveCfg = Release|Any CPU
		{64F9B3DB-D806-4E9A-AF32-331E31564F10}.Release|Any CPU.Build.0 = Release|Any CPU
		{F7FEFACA-8A4A-4222-B677-FCEA98E3100B}.Debug|Any CPU.ActiveCfg = Debug|Any CPU
		{F7FEFACA-8A4A-4222-B677-FCEA98E3100B}.Debug|Any CPU.Build.0 = Debug|Any CPU
		{F7FEFACA-8A4A-4222-B677-FCEA98E3100B}.Release|Any CPU.ActiveCfg = Release|Any CPU
		{F7FEFACA-8A4A-4222-B677-FCEA98E3100B}.Release|Any CPU.Build.0 = Release|Any CPU
	EndGlobalSection
	GlobalSection(SolutionProperties) = preSolution
		HideSolutionNode = FALSE
	EndGlobalSection
	GlobalSection(ExtensibilityGlobals) = postSolution
		SolutionGuid = {C37BF27B-8F14-47EE-BF5A-BF40BB78A1CB}
	EndGlobalSection
EndGlobal
